{
  "name": "mu-format",
  "version": "0.6.8",
  "lockfileVersion": 1,
  "requires": true,
  "dependencies": {
    "axios": {
      "version": "0.21.1",
      "resolved": "https://registry.npmjs.org/axios/-/axios-0.21.1.tgz",
      "integrity": "sha512-dKQiRHxGD9PPRIUNIWvZhPTPpl1rf/OxTYKsqKUDjBwYylTvV7SjSHJb9ratfyzM6wCdLCOYLzs73qpg5c4iGA==",
      "requires": {
        "follow-redirects": "^1.10.0"
      }
    },
    "escape-string-regexp": {
      "version": "1.0.5",
      "resolved": "https://registry.npmjs.org/escape-string-regexp/-/escape-string-regexp-1.0.5.tgz",
      "integrity": "sha1-G2HAViGQqN/2rjuyzwIAyhMLhtQ="
    },
    "follow-redirects": {
      "version": "1.13.1",
      "resolved": "https://registry.npmjs.org/follow-redirects/-/follow-redirects-1.13.1.tgz",
      "integrity": "sha512-SSG5xmZh1mkPGyKzjZP8zLjltIfpW32Y5QpdNJyjcfGxK3qo3NDDkZOZSFiGn1A6SclQxY9GzEwAHQ3dmYRWpg=="
    },
    "lodash": {
      "version": "4.17.15",
      "resolved": "https://registry.npmjs.org/lodash/-/lodash-4.17.15.tgz",
      "integrity": "sha512-8xOcRHvCjnocdS5cpwXQXVzmmh5e5+saE2QGoeQmbKmRS6J3VQppPOIt0MnmE+4xlZoumy0GPG0D0MVIQbNA1A=="
    },
    "mu-manager": {
      "version": "0.2.2",
      "resolved": "https://registry.npmjs.org/mu-manager/-/mu-manager-0.2.2.tgz",
      "integrity": "sha512-d4TX7HSBSnhp0VVi7FsTSnEUxM/4SLyUNUb4BtHPDcM0S4blxFty9JYU7+4LzLpA7rkfRO03ccJsGBgdh5GEmQ==",
      "requires": {
        "lodash": "^4.17.11"
      }
    },
    "mu-queue": {
      "version": "0.4.2",
      "resolved": "https://registry.npmjs.org/mu-queue/-/mu-queue-0.4.2.tgz",
      "integrity": "sha512-5awCWV0Duf+fDCbnvJz5GEKJTTOND0bSPtGyjB1KeTq3itsYrmGHYCMqSP6qk38TjfgQhFu94W0wtVJFFp9UZA==",
      "requires": {
        "lodash": "^4.17.11",
        "mu-manager": "^0.2.1"
      }
    },
    "object-assign": {
      "version": "4.1.1",
      "resolved": "https://registry.npmjs.org/object-assign/-/object-assign-4.1.1.tgz",
      "integrity": "sha1-IQmtx5ZYh8/AXLvUQsrIv7s2CGM="
    },
    "string-replace-async": {
      "version": "1.2.1",
      "resolved": "https://registry.npmjs.org/string-replace-async/-/string-replace-async-1.2.1.tgz",
      "integrity": "sha1-1SzcfjOBQbvq6jRx3jEhUCjJo6o=",
      "requires": {
        "escape-string-regexp": "^1.0.4",
        "object-assign": "^4.0.1"
      }
    }
  }
}
